{
  "version": 4,
  "terraform_version": "0.14.3",
  "serial": 7,
  "lineage": "8e9c6b05-b82e-6620-e6da-8b99d4bf7a32",
  "outputs": {
    "first-ip": {
      "value": "10.0.4.80",
      "type": "string"
    },
    "second-ip": {
      "value": "10.0.4.70",
      "type": "string"
    }
  },
  "resources": [
    {
      "mode": "managed",
      "type": "lxd_cached_image",
      "name": "ubuntu2004",
      "provider": "provider[\"registry.terraform.io/terraform-lxd/lxd\"]",
      "instances": [
        {
          "schema_version": 0,
          "attributes": {
            "aliases": null,
            "architecture": "x86_64",
            "copied_aliases": [],
            "copy_aliases": false,
            "created_at": 1607558400,
            "fingerprint": "e0c3495ffd489748aa5151628fa56619e6143958f041223cb4970731ef939cb6",
            "id": "lxd-local-server/e0c3495ffd489748aa5151628fa56619e6143958f041223cb4970731ef939cb6",
            "remote": null,
            "source_image": "20.04",
            "source_remote": "ubuntu"
          },
          "sensitive_attributes": [],
          "private": "bnVsbA=="
        }
      ]
    },
    {
      "mode": "managed",
      "type": "lxd_container",
      "name": "master-node",
      "provider": "provider[\"registry.terraform.io/terraform-lxd/lxd\"]",
      "instances": [
        {
          "schema_version": 0,
          "attributes": {
            "config": null,
            "device": [
              {
                "name": "eth0",
                "properties": {
                  "ipv4.address": "10.0.4.70",
                  "network": "terraform_br"
                },
                "type": "nic"
              }
            ],
            "ephemeral": false,
            "file": [],
            "id": "master-node",
            "image": "e0c3495ffd489748aa5151628fa56619e6143958f041223cb4970731ef939cb6",
            "ip_address": "10.0.4.70",
            "ipv4_address": "10.0.4.70",
            "ipv6_address": "fe80::216:3eff:fe47:8b1c",
            "limits": {
              "cpu": "2",
              "memory": "1024MB"
            },
            "mac_address": "00:16:3e:47:8b:1c",
            "name": "master-node",
            "privileged": false,
            "profiles": [
              "terraform_default"
            ],
            "remote": null,
            "start_container": true,
            "status": "Running",
            "target": "none",
            "type": "container",
            "wait_for_network": false
          },
          "sensitive_attributes": [],
          "private": "bnVsbA==",
          "dependencies": [
            "lxd_cached_image.ubuntu2004",
            "lxd_network.terraform_br"
          ]
        }
      ]
    },
    {
      "mode": "managed",
      "type": "lxd_container",
      "name": "worker-node",
      "provider": "provider[\"registry.terraform.io/terraform-lxd/lxd\"]",
      "instances": [
        {
          "schema_version": 0,
          "attributes": {
            "config": null,
            "device": [
              {
                "name": "eth0",
                "properties": {
                  "ipv4.address": "10.0.4.80",
                  "network": "terraform_br"
                },
                "type": "nic"
              }
            ],
            "ephemeral": false,
            "file": [],
            "id": "worker-node",
            "image": "e0c3495ffd489748aa5151628fa56619e6143958f041223cb4970731ef939cb6",
            "ip_address": "10.0.4.80",
            "ipv4_address": "10.0.4.80",
            "ipv6_address": "fe80::216:3eff:fece:ac36",
            "limits": {
              "cpu": "2",
              "memory": "1024MB"
            },
            "mac_address": "00:16:3e:ce:ac:36",
            "name": "worker-node",
            "privileged": false,
            "profiles": [
              "terraform_default"
            ],
            "remote": null,
            "start_container": true,
            "status": "Running",
            "target": "none",
            "type": "container",
            "wait_for_network": false
          },
          "sensitive_attributes": [],
          "private": "bnVsbA==",
          "dependencies": [
            "lxd_cached_image.ubuntu2004",
            "lxd_network.terraform_br"
          ]
        }
      ]
    },
    {
      "mode": "managed",
      "type": "lxd_network",
      "name": "terraform_br",
      "provider": "provider[\"registry.terraform.io/terraform-lxd/lxd\"]",
      "instances": [
        {
          "schema_version": 0,
          "attributes": {
            "config": {
              "ipv4.address": "10.0.4.1/24",
              "ipv4.nat": "true",
              "ipv6.address": "none"
            },
            "description": "bridge interface for all containers to access hosts internet",
            "id": "terraform_br",
            "managed": true,
            "name": "terraform_br",
            "remote": null,
            "target": null,
            "type": "bridge"
          },
          "sensitive_attributes": [],
          "private": "bnVsbA=="
        }
      ]
    },
    {
      "mode": "managed",
      "type": "lxd_profile",
      "name": "terraform_default",
      "provider": "provider[\"registry.terraform.io/terraform-lxd/lxd\"]",
      "instances": [
        {
          "schema_version": 0,
          "attributes": {
            "config": {
              "security.nesting": "true"
            },
            "description": "Default LXD profile created by terrraform",
            "device": [
              {
                "name": "eth0",
                "properties": {
                  "nictype": "bridged",
                  "parent": "terraform_br"
                },
                "type": "nic"
              },
              {
                "name": "root",
                "properties": {
                  "path": "/",
                  "pool": "terraform_pool"
                },
                "type": "disk"
              }
            ],
            "id": "terraform_default",
            "name": "terraform_default",
            "remote": null
          },
          "sensitive_attributes": [],
          "private": "bnVsbA==",
          "dependencies": [
            "lxd_network.terraform_br"
          ]
        }
      ]
    },
    {
      "mode": "managed",
      "type": "lxd_storage_pool",
      "name": "terraform_pool",
      "provider": "provider[\"registry.terraform.io/terraform-lxd/lxd\"]",
      "instances": [
        {
          "schema_version": 0,
          "attributes": {
            "config": {
              "source": "/var/snap/lxd/common/lxd/storage-pools/terraform_pool"
            },
            "driver": "dir",
            "id": "terraform_pool",
            "name": "terraform_pool",
            "remote": null,
            "target": null
          },
          "sensitive_attributes": [],
          "private": "bnVsbA=="
        }
      ]
    }
  ]
}
