{
  "version": 4,
  "terraform_version": "0.14.3",
  "serial": 5,
  "lineage": "d6cb783a-2285-d349-8c08-2371393b4468",
  "outputs": {
    "external_ip_address_master_node": {
      "value": "84.201.148.140",
      "type": "string"
    },
    "external_ip_address_worker_node": {
      "value": "84.201.150.193",
      "type": "string"
    },
    "internal_ip_address_master_node": {
      "value": "192.168.10.27",
      "type": "string"
    },
    "internal_ip_address_worker_node": {
      "value": "192.168.10.5",
      "type": "string"
    }
  },
  "resources": [
    {
      "mode": "managed",
      "type": "yandex_compute_instance",
      "name": "vm-1",
      "provider": "provider[\"registry.terraform.io/yandex-cloud/yandex\"]",
      "instances": [
        {
          "schema_version": 1,
          "attributes": {
            "allow_stopping_for_update": null,
            "boot_disk": [
              {
                "auto_delete": true,
                "device_name": "ef3rdiemdk5l6m2u7gel",
                "disk_id": "ef3rdiemdk5l6m2u7gel",
                "initialize_params": [
                  {
                    "description": "",
                    "image_id": "fd87va5cc00gaq2f5qfb",
                    "name": "",
                    "size": 10,
                    "snapshot_id": "",
                    "type": "network-hdd"
                  }
                ],
                "mode": "READ_WRITE"
              }
            ],
            "created_at": "2021-01-04T16:19:19Z",
            "description": "",
            "folder_id": "b1geh8qlkvack8ba2p1k",
            "fqdn": "ef32j13fejekafd3sj0i.auto.internal",
            "hostname": "ef32j13fejekafd3sj0i",
            "id": "ef32j13fejekafd3sj0i",
            "labels": null,
            "metadata": {
              "ssh-keys": "ubuntu:ssh-rsa AAAAB3NzaC1yc2EAAAADAQABAAABgQDLSLHBzTUuLro/HkUGFoMV/yL+vXRataVOvAnUk356Z/KznDmu1m79QfDWZZA8zAC7HdkypX3I32x19FEnFhEoj0wUYUR/5FCMrdY0a94woDsw3Y2BpL6XSRdf65/RZblmlG35GWh9Zaqx7WAzT1s/gc2DoLgzQSckpGMU7jQRHfOXOP0T0zTZTsmxSq9gCx3SnuLO49YHeCgrgrgdDwld0zWvb5eoHnpinWvJbQb5i8R/AIh/ZaP4wIS4FuPUjHlU/iN59S7O3TWKObU/GGa4uAjG3d0lFglopFDipSPqzNpPWASLRq8z5d7wjSjjMDTbprDeTozHGxLIz1MWi5Vy5F7HIuNfJ/1nidcj7Dtw0uwk9R6WMRDcGuUyX2w8Xvywv1s+z2tJynjfHxOrihHXb1kaUCQqjwAiTWQlH7DtBs+BaY070tdpgXdYvu/FU4+iaEzxrNC4tfAeWSHVBiA3FOVnrbOVxEUFso6eor97Ed3Gfjs4Zurt4Fqj93rEvx0= victor@ubnt\n"
            },
            "name": "master-node",
            "network_acceleration_type": "standard",
            "network_interface": [
              {
                "index": 0,
                "ip_address": "192.168.10.27",
                "ipv4": true,
                "ipv6": false,
                "ipv6_address": "",
                "mac_address": "d0:0d:29:84:6f:74",
                "nat": true,
                "nat_ip_address": "84.201.148.140",
                "nat_ip_version": "IPV4",
                "security_group_ids": [],
                "subnet_id": "b0cicvjolhg9obdjj1hi"
              }
            ],
            "platform_id": "standard-v1",
            "resources": [
              {
                "core_fraction": 100,
                "cores": 2,
                "gpus": 0,
                "memory": 2
              }
            ],
            "scheduling_policy": [
              {
                "preemptible": false
              }
            ],
            "secondary_disk": [],
            "service_account_id": "",
            "status": "running",
            "timeouts": null,
            "zone": "ru-central1-c"
          },
          "sensitive_attributes": [],
          "private": "eyJlMmJmYjczMC1lY2FhLTExZTYtOGY4OC0zNDM2M2JjN2M0YzAiOnsiY3JlYXRlIjozMDAwMDAwMDAwMDAsImRlbGV0ZSI6MzAwMDAwMDAwMDAwLCJ1cGRhdGUiOjMwMDAwMDAwMDAwMH0sInNjaGVtYV92ZXJzaW9uIjoiMSJ9",
          "dependencies": [
            "yandex_vpc_network.network-1",
            "yandex_vpc_subnet.subnet-1"
          ]
        }
      ]
    },
    {
      "mode": "managed",
      "type": "yandex_compute_instance",
      "name": "vm-2",
      "provider": "provider[\"registry.terraform.io/yandex-cloud/yandex\"]",
      "instances": [
        {
          "schema_version": 1,
          "attributes": {
            "allow_stopping_for_update": null,
            "boot_disk": [
              {
                "auto_delete": true,
                "device_name": "ef348g7gjo4ib37phd7u",
                "disk_id": "ef348g7gjo4ib37phd7u",
                "initialize_params": [
                  {
                    "description": "",
                    "image_id": "fd87va5cc00gaq2f5qfb",
                    "name": "",
                    "size": 10,
                    "snapshot_id": "",
                    "type": "network-hdd"
                  }
                ],
                "mode": "READ_WRITE"
              }
            ],
            "created_at": "2021-01-04T16:19:19Z",
            "description": "",
            "folder_id": "b1geh8qlkvack8ba2p1k",
            "fqdn": "ef3bjdv5853o4u3brimk.auto.internal",
            "hostname": "ef3bjdv5853o4u3brimk",
            "id": "ef3bjdv5853o4u3brimk",
            "labels": null,
            "metadata": {
              "ssh-keys": "ubuntu:ssh-rsa AAAAB3NzaC1yc2EAAAADAQABAAABgQDLSLHBzTUuLro/HkUGFoMV/yL+vXRataVOvAnUk356Z/KznDmu1m79QfDWZZA8zAC7HdkypX3I32x19FEnFhEoj0wUYUR/5FCMrdY0a94woDsw3Y2BpL6XSRdf65/RZblmlG35GWh9Zaqx7WAzT1s/gc2DoLgzQSckpGMU7jQRHfOXOP0T0zTZTsmxSq9gCx3SnuLO49YHeCgrgrgdDwld0zWvb5eoHnpinWvJbQb5i8R/AIh/ZaP4wIS4FuPUjHlU/iN59S7O3TWKObU/GGa4uAjG3d0lFglopFDipSPqzNpPWASLRq8z5d7wjSjjMDTbprDeTozHGxLIz1MWi5Vy5F7HIuNfJ/1nidcj7Dtw0uwk9R6WMRDcGuUyX2w8Xvywv1s+z2tJynjfHxOrihHXb1kaUCQqjwAiTWQlH7DtBs+BaY070tdpgXdYvu/FU4+iaEzxrNC4tfAeWSHVBiA3FOVnrbOVxEUFso6eor97Ed3Gfjs4Zurt4Fqj93rEvx0= victor@ubnt\n"
            },
            "name": "worker-node",
            "network_acceleration_type": "standard",
            "network_interface": [
              {
                "index": 0,
                "ip_address": "192.168.10.5",
                "ipv4": true,
                "ipv6": false,
                "ipv6_address": "",
                "mac_address": "d0:0d:b9:b7:e5:41",
                "nat": true,
                "nat_ip_address": "84.201.150.193",
                "nat_ip_version": "IPV4",
                "security_group_ids": [],
                "subnet_id": "b0cicvjolhg9obdjj1hi"
              }
            ],
            "platform_id": "standard-v1",
            "resources": [
              {
                "core_fraction": 100,
                "cores": 2,
                "gpus": 0,
                "memory": 2
              }
            ],
            "scheduling_policy": [
              {
                "preemptible": false
              }
            ],
            "secondary_disk": [],
            "service_account_id": "",
            "status": "running",
            "timeouts": null,
            "zone": "ru-central1-c"
          },
          "sensitive_attributes": [],
          "private": "eyJlMmJmYjczMC1lY2FhLTExZTYtOGY4OC0zNDM2M2JjN2M0YzAiOnsiY3JlYXRlIjozMDAwMDAwMDAwMDAsImRlbGV0ZSI6MzAwMDAwMDAwMDAwLCJ1cGRhdGUiOjMwMDAwMDAwMDAwMH0sInNjaGVtYV92ZXJzaW9uIjoiMSJ9",
          "dependencies": [
            "yandex_vpc_network.network-1",
            "yandex_vpc_subnet.subnet-1"
          ]
        }
      ]
    },
    {
      "mode": "managed",
      "type": "yandex_vpc_network",
      "name": "network-1",
      "provider": "provider[\"registry.terraform.io/yandex-cloud/yandex\"]",
      "instances": [
        {
          "schema_version": 0,
          "attributes": {
            "created_at": "2021-01-04T16:19:16Z",
            "default_security_group_id": "",
            "description": "",
            "folder_id": "b1geh8qlkvack8ba2p1k",
            "id": "enpr71a9l00lc92fvsb7",
            "labels": null,
            "name": "network1",
            "subnet_ids": [],
            "timeouts": null
          },
          "sensitive_attributes": [],
          "private": "eyJlMmJmYjczMC1lY2FhLTExZTYtOGY4OC0zNDM2M2JjN2M0YzAiOnsiY3JlYXRlIjo2MDAwMDAwMDAwMCwiZGVsZXRlIjo2MDAwMDAwMDAwMCwidXBkYXRlIjo2MDAwMDAwMDAwMH19"
        }
      ]
    },
    {
      "mode": "managed",
      "type": "yandex_vpc_subnet",
      "name": "subnet-1",
      "provider": "provider[\"registry.terraform.io/yandex-cloud/yandex\"]",
      "instances": [
        {
          "schema_version": 0,
          "attributes": {
            "created_at": "2021-01-04T16:19:17Z",
            "description": "",
            "dhcp_options": [],
            "folder_id": "b1geh8qlkvack8ba2p1k",
            "id": "b0cicvjolhg9obdjj1hi",
            "labels": null,
            "name": "subnet1",
            "network_id": "enpr71a9l00lc92fvsb7",
            "route_table_id": "",
            "timeouts": null,
            "v4_cidr_blocks": [
              "192.168.10.0/24"
            ],
            "v6_cidr_blocks": [],
            "zone": "ru-central1-c"
          },
          "sensitive_attributes": [],
          "private": "eyJlMmJmYjczMC1lY2FhLTExZTYtOGY4OC0zNDM2M2JjN2M0YzAiOnsiY3JlYXRlIjoxODAwMDAwMDAwMDAsImRlbGV0ZSI6MTgwMDAwMDAwMDAwLCJ1cGRhdGUiOjE4MDAwMDAwMDAwMH19",
          "dependencies": [
            "yandex_vpc_network.network-1"
          ]
        }
      ]
    }
  ]
}
