
An execution plan has been generated and is shown below.
Resource actions are indicated with the following symbols:
  [32m+[0m create
[0m
Terraform will perform the following actions:

[1m  # yandex_compute_instance.vm-1[0m will be created[0m[0m
[0m  [32m+[0m[0m resource "yandex_compute_instance" "vm-1" {
      [32m+[0m [0m[1m[0mcreated_at[0m[0m                = (known after apply)
      [32m+[0m [0m[1m[0mfolder_id[0m[0m                 = (known after apply)
      [32m+[0m [0m[1m[0mfqdn[0m[0m                      = (known after apply)
      [32m+[0m [0m[1m[0mhostname[0m[0m                  = (known after apply)
      [32m+[0m [0m[1m[0mid[0m[0m                        = (known after apply)
      [32m+[0m [0m[1m[0mmetadata[0m[0m                  = {
          [32m+[0m [0m"ssh-keys" = <<-EOT
                ubuntu:ssh-rsa AAAAB3NzaC1yc2EAAAADAQABAAABgQDLSLHBzTUuLro/HkUGFoMV/yL+vXRataVOvAnUk356Z/KznDmu1m79QfDWZZA8zAC7HdkypX3I32x19FEnFhEoj0wUYUR/5FCMrdY0a94woDsw3Y2BpL6XSRdf65/RZblmlG35GWh9Zaqx7WAzT1s/gc2DoLgzQSckpGMU7jQRHfOXOP0T0zTZTsmxSq9gCx3SnuLO49YHeCgrgrgdDwld0zWvb5eoHnpinWvJbQb5i8R/AIh/ZaP4wIS4FuPUjHlU/iN59S7O3TWKObU/GGa4uAjG3d0lFglopFDipSPqzNpPWASLRq8z5d7wjSjjMDTbprDeTozHGxLIz1MWi5Vy5F7HIuNfJ/1nidcj7Dtw0uwk9R6WMRDcGuUyX2w8Xvywv1s+z2tJynjfHxOrihHXb1kaUCQqjwAiTWQlH7DtBs+BaY070tdpgXdYvu/FU4+iaEzxrNC4tfAeWSHVBiA3FOVnrbOVxEUFso6eor97Ed3Gfjs4Zurt4Fqj93rEvx0= victor@ubnt
            EOT
        }
      [32m+[0m [0m[1m[0mname[0m[0m                      = "master-node"
      [32m+[0m [0m[1m[0mnetwork_acceleration_type[0m[0m = "standard"
      [32m+[0m [0m[1m[0mplatform_id[0m[0m               = "standard-v1"
      [32m+[0m [0m[1m[0mservice_account_id[0m[0m        = (known after apply)
      [32m+[0m [0m[1m[0mstatus[0m[0m                    = (known after apply)
      [32m+[0m [0m[1m[0mzone[0m[0m                      = (known after apply)

      [32m+[0m [0mboot_disk {
          [32m+[0m [0m[1m[0mauto_delete[0m[0m = true
          [32m+[0m [0m[1m[0mdevice_name[0m[0m = (known after apply)
          [32m+[0m [0m[1m[0mdisk_id[0m[0m     = (known after apply)
          [32m+[0m [0m[1m[0mmode[0m[0m        = (known after apply)

          [32m+[0m [0minitialize_params {
              [32m+[0m [0m[1m[0mdescription[0m[0m = (known after apply)
              [32m+[0m [0m[1m[0mimage_id[0m[0m    = "fd87va5cc00gaq2f5qfb"
              [32m+[0m [0m[1m[0mname[0m[0m        = (known after apply)
              [32m+[0m [0m[1m[0msize[0m[0m        = 10
              [32m+[0m [0m[1m[0msnapshot_id[0m[0m = (known after apply)
              [32m+[0m [0m[1m[0mtype[0m[0m        = "network-hdd"
            }
        }

      [32m+[0m [0mnetwork_interface {
          [32m+[0m [0m[1m[0mindex[0m[0m              = (known after apply)
          [32m+[0m [0m[1m[0mip_address[0m[0m         = (known after apply)
          [32m+[0m [0m[1m[0mipv4[0m[0m               = true
          [32m+[0m [0m[1m[0mipv6[0m[0m               = (known after apply)
          [32m+[0m [0m[1m[0mipv6_address[0m[0m       = (known after apply)
          [32m+[0m [0m[1m[0mmac_address[0m[0m        = (known after apply)
          [32m+[0m [0m[1m[0mnat[0m[0m                = true
          [32m+[0m [0m[1m[0mnat_ip_address[0m[0m     = (known after apply)
          [32m+[0m [0m[1m[0mnat_ip_version[0m[0m     = (known after apply)
          [32m+[0m [0m[1m[0msecurity_group_ids[0m[0m = (known after apply)
          [32m+[0m [0m[1m[0msubnet_id[0m[0m          = (known after apply)
        }

      [32m+[0m [0mresources {
          [32m+[0m [0m[1m[0mcore_fraction[0m[0m = 100
          [32m+[0m [0m[1m[0mcores[0m[0m         = 2
          [32m+[0m [0m[1m[0mmemory[0m[0m        = 2
        }

      [32m+[0m [0mscheduling_policy {
          [32m+[0m [0m[1m[0mpreemptible[0m[0m = (known after apply)
        }
    }

[1m  # yandex_compute_instance.vm-2[0m will be created[0m[0m
[0m  [32m+[0m[0m resource "yandex_compute_instance" "vm-2" {
      [32m+[0m [0m[1m[0mcreated_at[0m[0m                = (known after apply)
      [32m+[0m [0m[1m[0mfolder_id[0m[0m                 = (known after apply)
      [32m+[0m [0m[1m[0mfqdn[0m[0m                      = (known after apply)
      [32m+[0m [0m[1m[0mhostname[0m[0m                  = (known after apply)
      [32m+[0m [0m[1m[0mid[0m[0m                        = (known after apply)
      [32m+[0m [0m[1m[0mmetadata[0m[0m                  = {
          [32m+[0m [0m"ssh-keys" = <<-EOT
                ubuntu:ssh-rsa AAAAB3NzaC1yc2EAAAADAQABAAABgQDLSLHBzTUuLro/HkUGFoMV/yL+vXRataVOvAnUk356Z/KznDmu1m79QfDWZZA8zAC7HdkypX3I32x19FEnFhEoj0wUYUR/5FCMrdY0a94woDsw3Y2BpL6XSRdf65/RZblmlG35GWh9Zaqx7WAzT1s/gc2DoLgzQSckpGMU7jQRHfOXOP0T0zTZTsmxSq9gCx3SnuLO49YHeCgrgrgdDwld0zWvb5eoHnpinWvJbQb5i8R/AIh/ZaP4wIS4FuPUjHlU/iN59S7O3TWKObU/GGa4uAjG3d0lFglopFDipSPqzNpPWASLRq8z5d7wjSjjMDTbprDeTozHGxLIz1MWi5Vy5F7HIuNfJ/1nidcj7Dtw0uwk9R6WMRDcGuUyX2w8Xvywv1s+z2tJynjfHxOrihHXb1kaUCQqjwAiTWQlH7DtBs+BaY070tdpgXdYvu/FU4+iaEzxrNC4tfAeWSHVBiA3FOVnrbOVxEUFso6eor97Ed3Gfjs4Zurt4Fqj93rEvx0= victor@ubnt
            EOT
        }
      [32m+[0m [0m[1m[0mname[0m[0m                      = "worker-node"
      [32m+[0m [0m[1m[0mnetwork_acceleration_type[0m[0m = "standard"
      [32m+[0m [0m[1m[0mplatform_id[0m[0m               = "standard-v1"
      [32m+[0m [0m[1m[0mservice_account_id[0m[0m        = (known after apply)
      [32m+[0m [0m[1m[0mstatus[0m[0m                    = (known after apply)
      [32m+[0m [0m[1m[0mzone[0m[0m                      = (known after apply)

      [32m+[0m [0mboot_disk {
          [32m+[0m [0m[1m[0mauto_delete[0m[0m = true
          [32m+[0m [0m[1m[0mdevice_name[0m[0m = (known after apply)
          [32m+[0m [0m[1m[0mdisk_id[0m[0m     = (known after apply)
          [32m+[0m [0m[1m[0mmode[0m[0m        = (known after apply)

          [32m+[0m [0minitialize_params {
              [32m+[0m [0m[1m[0mdescription[0m[0m = (known after apply)
              [32m+[0m [0m[1m[0mimage_id[0m[0m    = "fd87va5cc00gaq2f5qfb"
              [32m+[0m [0m[1m[0mname[0m[0m        = (known after apply)
              [32m+[0m [0m[1m[0msize[0m[0m        = 10
              [32m+[0m [0m[1m[0msnapshot_id[0m[0m = (known after apply)
              [32m+[0m [0m[1m[0mtype[0m[0m        = "network-hdd"
            }
        }

      [32m+[0m [0mnetwork_interface {
          [32m+[0m [0m[1m[0mindex[0m[0m              = (known after apply)
          [32m+[0m [0m[1m[0mip_address[0m[0m         = (known after apply)
          [32m+[0m [0m[1m[0mipv4[0m[0m               = true
          [32m+[0m [0m[1m[0mipv6[0m[0m               = (known after apply)
          [32m+[0m [0m[1m[0mipv6_address[0m[0m       = (known after apply)
          [32m+[0m [0m[1m[0mmac_address[0m[0m        = (known after apply)
          [32m+[0m [0m[1m[0mnat[0m[0m                = true
          [32m+[0m [0m[1m[0mnat_ip_address[0m[0m     = (known after apply)
          [32m+[0m [0m[1m[0mnat_ip_version[0m[0m     = (known after apply)
          [32m+[0m [0m[1m[0msecurity_group_ids[0m[0m = (known after apply)
          [32m+[0m [0m[1m[0msubnet_id[0m[0m          = (known after apply)
        }

      [32m+[0m [0mresources {
          [32m+[0m [0m[1m[0mcore_fraction[0m[0m = 100
          [32m+[0m [0m[1m[0mcores[0m[0m         = 2
          [32m+[0m [0m[1m[0mmemory[0m[0m        = 2
        }

      [32m+[0m [0mscheduling_policy {
          [32m+[0m [0m[1m[0mpreemptible[0m[0m = (known after apply)
        }
    }

[1m  # yandex_vpc_network.network-1[0m will be created[0m[0m
[0m  [32m+[0m[0m resource "yandex_vpc_network" "network-1" {
      [32m+[0m [0m[1m[0mcreated_at[0m[0m                = (known after apply)
      [32m+[0m [0m[1m[0mdefault_security_group_id[0m[0m = (known after apply)
      [32m+[0m [0m[1m[0mfolder_id[0m[0m                 = (known after apply)
      [32m+[0m [0m[1m[0mid[0m[0m                        = (known after apply)
      [32m+[0m [0m[1m[0mname[0m[0m                      = "network1"
      [32m+[0m [0m[1m[0msubnet_ids[0m[0m                = (known after apply)
    }

[1m  # yandex_vpc_subnet.subnet-1[0m will be created[0m[0m
[0m  [32m+[0m[0m resource "yandex_vpc_subnet" "subnet-1" {
      [32m+[0m [0m[1m[0mcreated_at[0m[0m     = (known after apply)
      [32m+[0m [0m[1m[0mfolder_id[0m[0m      = (known after apply)
      [32m+[0m [0m[1m[0mid[0m[0m             = (known after apply)
      [32m+[0m [0m[1m[0mname[0m[0m           = "subnet1"
      [32m+[0m [0m[1m[0mnetwork_id[0m[0m     = (known after apply)
      [32m+[0m [0m[1m[0mv4_cidr_blocks[0m[0m = [
          [32m+[0m [0m"192.168.10.0/24",
        ]
      [32m+[0m [0m[1m[0mv6_cidr_blocks[0m[0m = (known after apply)
      [32m+[0m [0m[1m[0mzone[0m[0m           = "ru-central1-c"
    }

[0m[1mPlan:[0m 4 to add, 0 to change, 0 to destroy.[0m
[0m
[1mChanges to Outputs:[0m
  [32m+[0m [0m[1m[0mexternal_ip_address_master_node[0m[0m = (known after apply)
  [32m+[0m [0m[1m[0mexternal_ip_address_worker_node[0m[0m = (known after apply)
  [32m+[0m [0m[1m[0minternal_ip_address_master_node[0m[0m = (known after apply)
  [32m+[0m [0m[1m[0minternal_ip_address_worker_node[0m[0m = (known after apply)[0m

[0m[1mDo you want to perform these actions?[0m
  Terraform will perform the actions described above.
  Only 'yes' will be accepted to approve.

  [1mEnter a value:[0m [0m
[0m[1myandex_vpc_network.network-1: Creating...[0m[0m
[0m[1myandex_vpc_network.network-1: Creation complete after 1s [id=enprt525s42eccnf54r5][0m[0m
[0m[1myandex_vpc_subnet.subnet-1: Creating...[0m[0m
[0m[1myandex_vpc_subnet.subnet-1: Creation complete after 1s [id=b0ch15mjgbsphu0uotiq][0m[0m
[0m[1myandex_compute_instance.vm-1: Creating...[0m[0m
[0m[1myandex_compute_instance.vm-2: Creating...[0m[0m
[0m[1myandex_compute_instance.vm-1: Still creating... [10s elapsed][0m[0m
[0m[1myandex_compute_instance.vm-2: Still creating... [10s elapsed][0m[0m
[0m[1myandex_compute_instance.vm-1: Still creating... [20s elapsed][0m[0m
[0m[1myandex_compute_instance.vm-2: Still creating... [20s elapsed][0m[0m
[0m[1myandex_compute_instance.vm-1: Creation complete after 29s [id=ef3ue5hd0rf9anlcr4tf][0m[0m
[0m[1myandex_compute_instance.vm-2: Still creating... [30s elapsed][0m[0m
[0m[1myandex_compute_instance.vm-2: Creation complete after 30s [id=ef3jn9g3d36uv41n8r5v][0m[0m
[0m[1m[32m
Apply complete! Resources: 4 added, 0 changed, 0 destroyed.[0m
[0m[1m[32m
Outputs:

external_ip_address_master_node = "130.193.56.177"
external_ip_address_worker_node = "130.193.58.82"
internal_ip_address_master_node = "192.168.10.21"
internal_ip_address_worker_node = "192.168.10.28"[0m
